
Microsoft Visual Studio Solution File, Format Version 12.00
# Visual Studio 15
VisualStudioVersion = 15.0.26124.0
MinimumVisualStudioVersion = 10.0.40219.1
Project("{FAE04EC0-301F-11D3-BF4B-00C04F79EFBC}") = "MyAlbumCoverMatchGame", "MyAlbumCoverMatchGame\MyAlbumCoverMatchGame.csproj", "{6A08E06A-9E42-43C0-ACF4-8F0B366D89FD}"
EndProject
Project("{FAE04EC0-301F-11D3-BF4B-00C04F79EFBC}") = "TestconsoleApp", "TestconsoleApp\TestconsoleApp.csproj", "{BA4FC8ED-CBDA-4878-9946-EF3A21D14F19}"
EndProject
Global
	GlobalSection(SolutionConfigurationPlatforms) = preSolution
		Debug|Any CPU = Debug|Any CPU
		Debug|ARM = Debug|ARM
		Debug|x64 = Debug|x64
		Debug|x86 = Debug|x86
		Release|Any CPU = Release|Any CPU
		Release|ARM = Release|ARM
		Release|x64 = Release|x64
		Release|x86 = Release|x86
	EndGlobalSection
	GlobalSection(ProjectConfigurationPlatforms) = postSolution
		{6A08E06A-9E42-43C0-ACF4-8F0B366D89FD}.Debug|Any CPU.ActiveCfg = Debug|x86
		{6A08E06A-9E42-43C0-ACF4-8F0B366D89FD}.Debug|ARM.ActiveCfg = Debug|ARM
		{6A08E06A-9E42-43C0-ACF4-8F0B366D89FD}.Debug|ARM.Build.0 = Debug|ARM
		{6A08E06A-9E42-43C0-ACF4-8F0B366D89FD}.Debug|ARM.Deploy.0 = Debug|ARM
		{6A08E06A-9E42-43C0-ACF4-8F0B366D89FD}.Debug|x64.ActiveCfg = Debug|x64
		{6A08E06A-9E42-43C0-ACF4-8F0B366D89FD}.Debug|x64.Build.0 = Debug|x64
		{6A08E06A-9E42-43C0-ACF4-8F0B366D89FD}.Debug|x64.Deploy.0 = Debug|x64
		{6A08E06A-9E42-43C0-ACF4-8F0B366D89FD}.Debug|x86.ActiveCfg = Debug|x86
		{6A08E06A-9E42-43C0-ACF4-8F0B366D89FD}.Debug|x86.Build.0 = Debug|x86
		{6A08E06A-9E42-43C0-ACF4-8F0B366D89FD}.Debug|x86.Deploy.0 = Debug|x86
		{6A08E06A-9E42-43C0-ACF4-8F0B366D89FD}.Release|Any CPU.ActiveCfg = Release|x86
		{6A08E06A-9E42-43C0-ACF4-8F0B366D89FD}.Release|ARM.ActiveCfg = Release|ARM
		{6A08E06A-9E42-43C0-ACF4-8F0B366D89FD}.Release|ARM.Build.0 = Release|ARM
		{6A08E06A-9E42-43C0-ACF4-8F0B366D89FD}.Release|ARM.Deploy.0 = Release|ARM
		{6A08E06A-9E42-43C0-ACF4-8F0B366D89FD}.Release|x64.ActiveCfg = Release|x64
		{6A08E06A-9E42-43C0-ACF4-8F0B366D89FD}.Release|x64.Build.0 = Release|x64
		{6A08E06A-9E42-43C0-ACF4-8F0B366D89FD}.Release|x64.Deploy.0 = Release|x64
		{6A08E06A-9E42-43C0-ACF4-8F0B366D89FD}.Release|x86.ActiveCfg = Release|x86
		{6A08E06A-9E42-43C0-ACF4-8F0B366D89FD}.Release|x86.Build.0 = Release|x86
		{6A08E06A-9E42-43C0-ACF4-8F0B366D89FD}.Release|x86.Deploy.0 = Release|x86
		{BA4FC8ED-CBDA-4878-9946-EF3A21D14F19}.Debug|Any CPU.ActiveCfg = Debug|Any CPU
		{BA4FC8ED-CBDA-4878-9946-EF3A21D14F19}.Debug|Any CPU.Build.0 = Debug|Any CPU
		{BA4FC8ED-CBDA-4878-9946-EF3A21D14F19}.Debug|ARM.ActiveCfg = Debug|Any CPU
		{BA4FC8ED-CBDA-4878-9946-EF3A21D14F19}.Debug|ARM.Build.0 = Debug|Any CPU
		{BA4FC8ED-CBDA-4878-9946-EF3A21D14F19}.Debug|x64.ActiveCfg = Debug|Any CPU
		{BA4FC8ED-CBDA-4878-9946-EF3A21D14F19}.Debug|x64.Build.0 = Debug|Any CPU
		{BA4FC8ED-CBDA-4878-9946-EF3A21D14F19}.Debug|x86.ActiveCfg = Debug|Any CPU
		{BA4FC8ED-CBDA-4878-9946-EF3A21D14F19}.Debug|x86.Build.0 = Debug|Any CPU
		{BA4FC8ED-CBDA-4878-9946-EF3A21D14F19}.Release|Any CPU.ActiveCfg = Release|Any CPU
		{BA4FC8ED-CBDA-4878-9946-EF3A21D14F19}.Release|Any CPU.Build.0 = Release|Any CPU
		{BA4FC8ED-CBDA-4878-9946-EF3A21D14F19}.Release|ARM.ActiveCfg = Release|Any CPU
		{BA4FC8ED-CBDA-4878-9946-EF3A21D14F19}.Release|ARM.Build.0 = Release|Any CPU
		{BA4FC8ED-CBDA-4878-9946-EF3A21D14F19}.Release|x64.ActiveCfg = Release|Any CPU
		{BA4FC8ED-CBDA-4878-9946-EF3A21D14F19}.Release|x64.Build.0 = Release|Any CPU
		{BA4FC8ED-CBDA-4878-9946-EF3A21D14F19}.Release|x86.ActiveCfg = Release|Any CPU
		{BA4FC8ED-CBDA-4878-9946-EF3A21D14F19}.Release|x86.Build.0 = Release|Any CPU
	EndGlobalSection
	GlobalSection(SolutionProperties) = preSolution
		HideSolutionNode = FALSE
	EndGlobalSection
EndGlobal
