
Microsoft Visual Studio Solution File, Format Version 12.00
# Visual Studio 15
VisualStudioVersion = 15.0.26206.0
MinimumVisualStudioVersion = 10.0.40219.1
Project("{FAE04EC0-301F-11D3-BF4B-00C04F79EFBC}") = "MyAlbumCoverMatchGame", "MyAlbumCoverMatchGame\MyAlbumCoverMatchGame.csproj", "{6A08E06A-9E42-43C0-ACF4-8F0B366D89FD}"
EndProject
Project("{FAE04EC0-301F-11D3-BF4B-00C04F79EFBC}") = "TestconsoleApp", "TestconsoleApp\TestconsoleApp.csproj", "{BA4FC8ED-CBDA-4878-9946-EF3A21D14F19}"
EndProject
Project("{FAE04EC0-301F-11D3-BF4B-00C04F79EFBC}") = "MyXmlOperationTest", "MyXmlOperationTest\MyXmlOperationTest.csproj", "{B2BB680F-7E9E-4835-8CEC-2CB4CD9394C4}"
EndProject
Project("{FAE04EC0-301F-11D3-BF4B-00C04F79EFBC}") = "GetBitmapTest", "GetBitmapTest\GetBitmapTest.csproj", "{A8AF7251-33E6-4E6E-B2F8-A1029738AD85}"
EndProject
Project("{FAE04EC0-301F-11D3-BF4B-00C04F79EFBC}") = "StoryboardDemo", "StoryboardDemo\StoryboardDemo.csproj", "{EAAE5DF4-C9CE-43B1-89CE-D4DEB4CDA3BD}"
EndProject
Project("{FAE04EC0-301F-11D3-BF4B-00C04F79EFBC}") = "TestForUsing", "TestForUsing\TestForUsing.csproj", "{8C660355-E5C6-4AFD-9593-122CF5C1994F}"
EndProject
Project("{FAE04EC0-301F-11D3-BF4B-00C04F79EFBC}") = "TestForBitmapChanged", "TestForBitmapChanged\TestForBitmapChanged.csproj", "{BA8F3B1E-B75F-4D4D-8AD6-DC8E74846E55}"
EndProject
Global
	GlobalSection(SolutionConfigurationPlatforms) = preSolution
		Debug|Any CPU = Debug|Any CPU
		Debug|ARM = Debug|ARM
		Debug|x64 = Debug|x64
		Debug|x86 = Debug|x86
		Release|Any CPU = Release|Any CPU
		Release|ARM = Release|ARM
		Release|x64 = Release|x64
		Release|x86 = Release|x86
	EndGlobalSection
	GlobalSection(ProjectConfigurationPlatforms) = postSolution
		{6A08E06A-9E42-43C0-ACF4-8F0B366D89FD}.Debug|Any CPU.ActiveCfg = Debug|x86
		{6A08E06A-9E42-43C0-ACF4-8F0B366D89FD}.Debug|ARM.ActiveCfg = Debug|ARM
		{6A08E06A-9E42-43C0-ACF4-8F0B366D89FD}.Debug|ARM.Build.0 = Debug|ARM
		{6A08E06A-9E42-43C0-ACF4-8F0B366D89FD}.Debug|ARM.Deploy.0 = Debug|ARM
		{6A08E06A-9E42-43C0-ACF4-8F0B366D89FD}.Debug|x64.ActiveCfg = Debug|x64
		{6A08E06A-9E42-43C0-ACF4-8F0B366D89FD}.Debug|x64.Build.0 = Debug|x64
		{6A08E06A-9E42-43C0-ACF4-8F0B366D89FD}.Debug|x64.Deploy.0 = Debug|x64
		{6A08E06A-9E42-43C0-ACF4-8F0B366D89FD}.Debug|x86.ActiveCfg = Debug|x86
		{6A08E06A-9E42-43C0-ACF4-8F0B366D89FD}.Debug|x86.Build.0 = Debug|x86
		{6A08E06A-9E42-43C0-ACF4-8F0B366D89FD}.Debug|x86.Deploy.0 = Debug|x86
		{6A08E06A-9E42-43C0-ACF4-8F0B366D89FD}.Release|Any CPU.ActiveCfg = Release|x86
		{6A08E06A-9E42-43C0-ACF4-8F0B366D89FD}.Release|ARM.ActiveCfg = Release|ARM
		{6A08E06A-9E42-43C0-ACF4-8F0B366D89FD}.Release|ARM.Build.0 = Release|ARM
		{6A08E06A-9E42-43C0-ACF4-8F0B366D89FD}.Release|ARM.Deploy.0 = Release|ARM
		{6A08E06A-9E42-43C0-ACF4-8F0B366D89FD}.Release|x64.ActiveCfg = Release|x64
		{6A08E06A-9E42-43C0-ACF4-8F0B366D89FD}.Release|x64.Build.0 = Release|x64
		{6A08E06A-9E42-43C0-ACF4-8F0B366D89FD}.Release|x64.Deploy.0 = Release|x64
		{6A08E06A-9E42-43C0-ACF4-8F0B366D89FD}.Release|x86.ActiveCfg = Release|x86
		{6A08E06A-9E42-43C0-ACF4-8F0B366D89FD}.Release|x86.Build.0 = Release|x86
		{6A08E06A-9E42-43C0-ACF4-8F0B366D89FD}.Release|x86.Deploy.0 = Release|x86
		{BA4FC8ED-CBDA-4878-9946-EF3A21D14F19}.Debug|Any CPU.ActiveCfg = Debug|Any CPU
		{BA4FC8ED-CBDA-4878-9946-EF3A21D14F19}.Debug|Any CPU.Build.0 = Debug|Any CPU
		{BA4FC8ED-CBDA-4878-9946-EF3A21D14F19}.Debug|ARM.ActiveCfg = Debug|Any CPU
		{BA4FC8ED-CBDA-4878-9946-EF3A21D14F19}.Debug|ARM.Build.0 = Debug|Any CPU
		{BA4FC8ED-CBDA-4878-9946-EF3A21D14F19}.Debug|x64.ActiveCfg = Debug|Any CPU
		{BA4FC8ED-CBDA-4878-9946-EF3A21D14F19}.Debug|x64.Build.0 = Debug|Any CPU
		{BA4FC8ED-CBDA-4878-9946-EF3A21D14F19}.Debug|x86.ActiveCfg = Debug|Any CPU
		{BA4FC8ED-CBDA-4878-9946-EF3A21D14F19}.Debug|x86.Build.0 = Debug|Any CPU
		{BA4FC8ED-CBDA-4878-9946-EF3A21D14F19}.Release|Any CPU.ActiveCfg = Release|Any CPU
		{BA4FC8ED-CBDA-4878-9946-EF3A21D14F19}.Release|Any CPU.Build.0 = Release|Any CPU
		{BA4FC8ED-CBDA-4878-9946-EF3A21D14F19}.Release|ARM.ActiveCfg = Release|Any CPU
		{BA4FC8ED-CBDA-4878-9946-EF3A21D14F19}.Release|ARM.Build.0 = Release|Any CPU
		{BA4FC8ED-CBDA-4878-9946-EF3A21D14F19}.Release|x64.ActiveCfg = Release|Any CPU
		{BA4FC8ED-CBDA-4878-9946-EF3A21D14F19}.Release|x64.Build.0 = Release|Any CPU
		{BA4FC8ED-CBDA-4878-9946-EF3A21D14F19}.Release|x86.ActiveCfg = Release|Any CPU
		{BA4FC8ED-CBDA-4878-9946-EF3A21D14F19}.Release|x86.Build.0 = Release|Any CPU
		{B2BB680F-7E9E-4835-8CEC-2CB4CD9394C4}.Debug|Any CPU.ActiveCfg = Debug|x86
		{B2BB680F-7E9E-4835-8CEC-2CB4CD9394C4}.Debug|ARM.ActiveCfg = Debug|ARM
		{B2BB680F-7E9E-4835-8CEC-2CB4CD9394C4}.Debug|ARM.Build.0 = Debug|ARM
		{B2BB680F-7E9E-4835-8CEC-2CB4CD9394C4}.Debug|ARM.Deploy.0 = Debug|ARM
		{B2BB680F-7E9E-4835-8CEC-2CB4CD9394C4}.Debug|x64.ActiveCfg = Debug|x64
		{B2BB680F-7E9E-4835-8CEC-2CB4CD9394C4}.Debug|x64.Build.0 = Debug|x64
		{B2BB680F-7E9E-4835-8CEC-2CB4CD9394C4}.Debug|x64.Deploy.0 = Debug|x64
		{B2BB680F-7E9E-4835-8CEC-2CB4CD9394C4}.Debug|x86.ActiveCfg = Debug|x86
		{B2BB680F-7E9E-4835-8CEC-2CB4CD9394C4}.Debug|x86.Build.0 = Debug|x86
		{B2BB680F-7E9E-4835-8CEC-2CB4CD9394C4}.Debug|x86.Deploy.0 = Debug|x86
		{B2BB680F-7E9E-4835-8CEC-2CB4CD9394C4}.Release|Any CPU.ActiveCfg = Release|x86
		{B2BB680F-7E9E-4835-8CEC-2CB4CD9394C4}.Release|ARM.ActiveCfg = Release|ARM
		{B2BB680F-7E9E-4835-8CEC-2CB4CD9394C4}.Release|ARM.Build.0 = Release|ARM
		{B2BB680F-7E9E-4835-8CEC-2CB4CD9394C4}.Release|ARM.Deploy.0 = Release|ARM
		{B2BB680F-7E9E-4835-8CEC-2CB4CD9394C4}.Release|x64.ActiveCfg = Release|x64
		{B2BB680F-7E9E-4835-8CEC-2CB4CD9394C4}.Release|x64.Build.0 = Release|x64
		{B2BB680F-7E9E-4835-8CEC-2CB4CD9394C4}.Release|x64.Deploy.0 = Release|x64
		{B2BB680F-7E9E-4835-8CEC-2CB4CD9394C4}.Release|x86.ActiveCfg = Release|x86
		{B2BB680F-7E9E-4835-8CEC-2CB4CD9394C4}.Release|x86.Build.0 = Release|x86
		{B2BB680F-7E9E-4835-8CEC-2CB4CD9394C4}.Release|x86.Deploy.0 = Release|x86
		{A8AF7251-33E6-4E6E-B2F8-A1029738AD85}.Debug|Any CPU.ActiveCfg = Debug|x86
		{A8AF7251-33E6-4E6E-B2F8-A1029738AD85}.Debug|ARM.ActiveCfg = Debug|ARM
		{A8AF7251-33E6-4E6E-B2F8-A1029738AD85}.Debug|ARM.Build.0 = Debug|ARM
		{A8AF7251-33E6-4E6E-B2F8-A1029738AD85}.Debug|ARM.Deploy.0 = Debug|ARM
		{A8AF7251-33E6-4E6E-B2F8-A1029738AD85}.Debug|x64.ActiveCfg = Debug|x64
		{A8AF7251-33E6-4E6E-B2F8-A1029738AD85}.Debug|x64.Build.0 = Debug|x64
		{A8AF7251-33E6-4E6E-B2F8-A1029738AD85}.Debug|x64.Deploy.0 = Debug|x64
		{A8AF7251-33E6-4E6E-B2F8-A1029738AD85}.Debug|x86.ActiveCfg = Debug|x86
		{A8AF7251-33E6-4E6E-B2F8-A1029738AD85}.Debug|x86.Build.0 = Debug|x86
		{A8AF7251-33E6-4E6E-B2F8-A1029738AD85}.Debug|x86.Deploy.0 = Debug|x86
		{A8AF7251-33E6-4E6E-B2F8-A1029738AD85}.Release|Any CPU.ActiveCfg = Release|x86
		{A8AF7251-33E6-4E6E-B2F8-A1029738AD85}.Release|ARM.ActiveCfg = Release|ARM
		{A8AF7251-33E6-4E6E-B2F8-A1029738AD85}.Release|ARM.Build.0 = Release|ARM
		{A8AF7251-33E6-4E6E-B2F8-A1029738AD85}.Release|ARM.Deploy.0 = Release|ARM
		{A8AF7251-33E6-4E6E-B2F8-A1029738AD85}.Release|x64.ActiveCfg = Release|x64
		{A8AF7251-33E6-4E6E-B2F8-A1029738AD85}.Release|x64.Build.0 = Release|x64
		{A8AF7251-33E6-4E6E-B2F8-A1029738AD85}.Release|x64.Deploy.0 = Release|x64
		{A8AF7251-33E6-4E6E-B2F8-A1029738AD85}.Release|x86.ActiveCfg = Release|x86
		{A8AF7251-33E6-4E6E-B2F8-A1029738AD85}.Release|x86.Build.0 = Release|x86
		{A8AF7251-33E6-4E6E-B2F8-A1029738AD85}.Release|x86.Deploy.0 = Release|x86
		{EAAE5DF4-C9CE-43B1-89CE-D4DEB4CDA3BD}.Debug|Any CPU.ActiveCfg = Debug|x86
		{EAAE5DF4-C9CE-43B1-89CE-D4DEB4CDA3BD}.Debug|ARM.ActiveCfg = Debug|ARM
		{EAAE5DF4-C9CE-43B1-89CE-D4DEB4CDA3BD}.Debug|ARM.Build.0 = Debug|ARM
		{EAAE5DF4-C9CE-43B1-89CE-D4DEB4CDA3BD}.Debug|ARM.Deploy.0 = Debug|ARM
		{EAAE5DF4-C9CE-43B1-89CE-D4DEB4CDA3BD}.Debug|x64.ActiveCfg = Debug|x64
		{EAAE5DF4-C9CE-43B1-89CE-D4DEB4CDA3BD}.Debug|x64.Build.0 = Debug|x64
		{EAAE5DF4-C9CE-43B1-89CE-D4DEB4CDA3BD}.Debug|x64.Deploy.0 = Debug|x64
		{EAAE5DF4-C9CE-43B1-89CE-D4DEB4CDA3BD}.Debug|x86.ActiveCfg = Debug|x86
		{EAAE5DF4-C9CE-43B1-89CE-D4DEB4CDA3BD}.Debug|x86.Build.0 = Debug|x86
		{EAAE5DF4-C9CE-43B1-89CE-D4DEB4CDA3BD}.Debug|x86.Deploy.0 = Debug|x86
		{EAAE5DF4-C9CE-43B1-89CE-D4DEB4CDA3BD}.Release|Any CPU.ActiveCfg = Release|x86
		{EAAE5DF4-C9CE-43B1-89CE-D4DEB4CDA3BD}.Release|ARM.ActiveCfg = Release|ARM
		{EAAE5DF4-C9CE-43B1-89CE-D4DEB4CDA3BD}.Release|ARM.Build.0 = Release|ARM
		{EAAE5DF4-C9CE-43B1-89CE-D4DEB4CDA3BD}.Release|ARM.Deploy.0 = Release|ARM
		{EAAE5DF4-C9CE-43B1-89CE-D4DEB4CDA3BD}.Release|x64.ActiveCfg = Release|x64
		{EAAE5DF4-C9CE-43B1-89CE-D4DEB4CDA3BD}.Release|x64.Build.0 = Release|x64
		{EAAE5DF4-C9CE-43B1-89CE-D4DEB4CDA3BD}.Release|x64.Deploy.0 = Release|x64
		{EAAE5DF4-C9CE-43B1-89CE-D4DEB4CDA3BD}.Release|x86.ActiveCfg = Release|x86
		{EAAE5DF4-C9CE-43B1-89CE-D4DEB4CDA3BD}.Release|x86.Build.0 = Release|x86
		{EAAE5DF4-C9CE-43B1-89CE-D4DEB4CDA3BD}.Release|x86.Deploy.0 = Release|x86
		{8C660355-E5C6-4AFD-9593-122CF5C1994F}.Debug|Any CPU.ActiveCfg = Debug|x86
		{8C660355-E5C6-4AFD-9593-122CF5C1994F}.Debug|ARM.ActiveCfg = Debug|ARM
		{8C660355-E5C6-4AFD-9593-122CF5C1994F}.Debug|ARM.Build.0 = Debug|ARM
		{8C660355-E5C6-4AFD-9593-122CF5C1994F}.Debug|ARM.Deploy.0 = Debug|ARM
		{8C660355-E5C6-4AFD-9593-122CF5C1994F}.Debug|x64.ActiveCfg = Debug|x64
		{8C660355-E5C6-4AFD-9593-122CF5C1994F}.Debug|x64.Build.0 = Debug|x64
		{8C660355-E5C6-4AFD-9593-122CF5C1994F}.Debug|x64.Deploy.0 = Debug|x64
		{8C660355-E5C6-4AFD-9593-122CF5C1994F}.Debug|x86.ActiveCfg = Debug|x86
		{8C660355-E5C6-4AFD-9593-122CF5C1994F}.Debug|x86.Build.0 = Debug|x86
		{8C660355-E5C6-4AFD-9593-122CF5C1994F}.Debug|x86.Deploy.0 = Debug|x86
		{8C660355-E5C6-4AFD-9593-122CF5C1994F}.Release|Any CPU.ActiveCfg = Release|x86
		{8C660355-E5C6-4AFD-9593-122CF5C1994F}.Release|ARM.ActiveCfg = Release|ARM
		{8C660355-E5C6-4AFD-9593-122CF5C1994F}.Release|ARM.Build.0 = Release|ARM
		{8C660355-E5C6-4AFD-9593-122CF5C1994F}.Release|ARM.Deploy.0 = Release|ARM
		{8C660355-E5C6-4AFD-9593-122CF5C1994F}.Release|x64.ActiveCfg = Release|x64
		{8C660355-E5C6-4AFD-9593-122CF5C1994F}.Release|x64.Build.0 = Release|x64
		{8C660355-E5C6-4AFD-9593-122CF5C1994F}.Release|x64.Deploy.0 = Release|x64
		{8C660355-E5C6-4AFD-9593-122CF5C1994F}.Release|x86.ActiveCfg = Release|x86
		{8C660355-E5C6-4AFD-9593-122CF5C1994F}.Release|x86.Build.0 = Release|x86
		{8C660355-E5C6-4AFD-9593-122CF5C1994F}.Release|x86.Deploy.0 = Release|x86
		{BA8F3B1E-B75F-4D4D-8AD6-DC8E74846E55}.Debug|Any CPU.ActiveCfg = Debug|x86
		{BA8F3B1E-B75F-4D4D-8AD6-DC8E74846E55}.Debug|ARM.ActiveCfg = Debug|ARM
		{BA8F3B1E-B75F-4D4D-8AD6-DC8E74846E55}.Debug|ARM.Build.0 = Debug|ARM
		{BA8F3B1E-B75F-4D4D-8AD6-DC8E74846E55}.Debug|ARM.Deploy.0 = Debug|ARM
		{BA8F3B1E-B75F-4D4D-8AD6-DC8E74846E55}.Debug|x64.ActiveCfg = Debug|x64
		{BA8F3B1E-B75F-4D4D-8AD6-DC8E74846E55}.Debug|x64.Build.0 = Debug|x64
		{BA8F3B1E-B75F-4D4D-8AD6-DC8E74846E55}.Debug|x64.Deploy.0 = Debug|x64
		{BA8F3B1E-B75F-4D4D-8AD6-DC8E74846E55}.Debug|x86.ActiveCfg = Debug|x86
		{BA8F3B1E-B75F-4D4D-8AD6-DC8E74846E55}.Debug|x86.Build.0 = Debug|x86
		{BA8F3B1E-B75F-4D4D-8AD6-DC8E74846E55}.Debug|x86.Deploy.0 = Debug|x86
		{BA8F3B1E-B75F-4D4D-8AD6-DC8E74846E55}.Release|Any CPU.ActiveCfg = Release|x86
		{BA8F3B1E-B75F-4D4D-8AD6-DC8E74846E55}.Release|ARM.ActiveCfg = Release|ARM
		{BA8F3B1E-B75F-4D4D-8AD6-DC8E74846E55}.Release|ARM.Build.0 = Release|ARM
		{BA8F3B1E-B75F-4D4D-8AD6-DC8E74846E55}.Release|ARM.Deploy.0 = Release|ARM
		{BA8F3B1E-B75F-4D4D-8AD6-DC8E74846E55}.Release|x64.ActiveCfg = Release|x64
		{BA8F3B1E-B75F-4D4D-8AD6-DC8E74846E55}.Release|x64.Build.0 = Release|x64
		{BA8F3B1E-B75F-4D4D-8AD6-DC8E74846E55}.Release|x64.Deploy.0 = Release|x64
		{BA8F3B1E-B75F-4D4D-8AD6-DC8E74846E55}.Release|x86.ActiveCfg = Release|x86
		{BA8F3B1E-B75F-4D4D-8AD6-DC8E74846E55}.Release|x86.Build.0 = Release|x86
		{BA8F3B1E-B75F-4D4D-8AD6-DC8E74846E55}.Release|x86.Deploy.0 = Release|x86
	EndGlobalSection
	GlobalSection(SolutionProperties) = preSolution
		HideSolutionNode = FALSE
	EndGlobalSection
EndGlobal
